
Microsoft Visual Studio Solution File, Format Version 12.00
# Visual Studio Version 17
VisualStudioVersion = 17.1.32120.378
MinimumVisualStudioVersion = 10.0.40219.1
Project("{9A19103F-16F7-4668-BE54-9A1E7A4F7556}") = "Bible2PPT", "Bible2PPT\Bible2PPT.csproj", "{140D4564-A6FF-47DE-93E3-726C7824DA20}"
EndProject
Project("{2150E333-8FDC-42A3-9474-1A3956D46DE8}") = "Solution Items", "Solution Items", "{2F07E742-E57A-4966-8414-59CFA0A55910}"
	ProjectSection(SolutionItems) = preProject
		.editorconfig = .editorconfig
	EndProjectSection
EndProject
Project("{9A19103F-16F7-4668-BE54-9A1E7A4F7556}") = "Bible2PPT.Tests", "Bible2PPT.Tests\Bible2PPT.Tests.csproj", "{3F1A829F-CC87-4CA3-9926-290156473740}"
EndProject
Project("{9A19103F-16F7-4668-BE54-9A1E7A4F7556}") = "Bible2PPT.Services.BibleService", "Bible2PPT.Services.BibleService\Bible2PPT.Services.BibleService.csproj", "{019E801B-5248-4233-AAF7-EDA3CCA98F5F}"
EndProject
Global
	GlobalSection(SolutionConfigurationPlatforms) = preSolution
		Debug|Any CPU = Debug|Any CPU
		Release|Any CPU = Release|Any CPU
	EndGlobalSection
	GlobalSection(ProjectConfigurationPlatforms) = postSolution
		{140D4564-A6FF-47DE-93E3-726C7824DA20}.Debug|Any CPU.ActiveCfg = Debug|Any CPU
		{140D4564-A6FF-47DE-93E3-726C7824DA20}.Debug|Any CPU.Build.0 = Debug|Any CPU
		{140D4564-A6FF-47DE-93E3-726C7824DA20}.Release|Any CPU.ActiveCfg = Release|Any CPU
		{140D4564-A6FF-47DE-93E3-726C7824DA20}.Release|Any CPU.Build.0 = Release|Any CPU
		{3F1A829F-CC87-4CA3-9926-290156473740}.Debug|Any CPU.ActiveCfg = Debug|Any CPU
		{3F1A829F-CC87-4CA3-9926-290156473740}.Debug|Any CPU.Build.0 = Debug|Any CPU
		{3F1A829F-CC87-4CA3-9926-290156473740}.Release|Any CPU.ActiveCfg = Release|Any CPU
		{3F1A829F-CC87-4CA3-9926-290156473740}.Release|Any CPU.Build.0 = Release|Any CPU
		{019E801B-5248-4233-AAF7-EDA3CCA98F5F}.Debug|Any CPU.ActiveCfg = Debug|Any CPU
		{019E801B-5248-4233-AAF7-EDA3CCA98F5F}.Debug|Any CPU.Build.0 = Debug|Any CPU
		{019E801B-5248-4233-AAF7-EDA3CCA98F5F}.Release|Any CPU.ActiveCfg = Release|Any CPU
		{019E801B-5248-4233-AAF7-EDA3CCA98F5F}.Release|Any CPU.Build.0 = Release|Any CPU
	EndGlobalSection
	GlobalSection(SolutionProperties) = preSolution
		HideSolutionNode = FALSE
	EndGlobalSection
	GlobalSection(ExtensibilityGlobals) = postSolution
		SolutionGuid = {8BD1DA59-33A3-455B-A93F-834DB4454F08}
	EndGlobalSection
EndGlobal
